
Microsoft Visual Studio Solution File, Format Version 12.00
# Visual Studio Version 17
VisualStudioVersion = 17.12.35707.178 d17.12
MinimumVisualStudioVersion = 10.0.40219.1
Project("{FAE04EC0-301F-11D3-BF4B-00C04F79EFBC}") = "DistributedLoggingSystem.Server", "DistributedLoggingSystem.Server\DistributedLoggingSystem.Server.csproj", "{FF69BD91-BAC5-4286-9C5F-4667082A9EA1}"
EndProject
Project("{54A90642-561A-4BB1-A94E-469ADEE60C69}") = "distributedloggingsystem.client", "distributedloggingsystem.client\distributedloggingsystem.client.esproj", "{10B627EC-AFD6-4E69-84A2-6934F9B10B52}"
EndProject
Global
	GlobalSection(SolutionConfigurationPlatforms) = preSolution
		Debug|Any CPU = Debug|Any CPU
		Release|Any CPU = Release|Any CPU
	EndGlobalSection
	GlobalSection(ProjectConfigurationPlatforms) = postSolution
		{FF69BD91-BAC5-4286-9C5F-4667082A9EA1}.Debug|Any CPU.ActiveCfg = Debug|Any CPU
		{FF69BD91-BAC5-4286-9C5F-4667082A9EA1}.Debug|Any CPU.Build.0 = Debug|Any CPU
		{FF69BD91-BAC5-4286-9C5F-4667082A9EA1}.Release|Any CPU.ActiveCfg = Release|Any CPU
		{FF69BD91-BAC5-4286-9C5F-4667082A9EA1}.Release|Any CPU.Build.0 = Release|Any CPU
		{10B627EC-AFD6-4E69-84A2-6934F9B10B52}.Debug|Any CPU.ActiveCfg = Debug|Any CPU
		{10B627EC-AFD6-4E69-84A2-6934F9B10B52}.Debug|Any CPU.Build.0 = Debug|Any CPU
		{10B627EC-AFD6-4E69-84A2-6934F9B10B52}.Debug|Any CPU.Deploy.0 = Debug|Any CPU
		{10B627EC-AFD6-4E69-84A2-6934F9B10B52}.Release|Any CPU.ActiveCfg = Release|Any CPU
		{10B627EC-AFD6-4E69-84A2-6934F9B10B52}.Release|Any CPU.Build.0 = Release|Any CPU
		{10B627EC-AFD6-4E69-84A2-6934F9B10B52}.Release|Any CPU.Deploy.0 = Release|Any CPU
	EndGlobalSection
	GlobalSection(SolutionProperties) = preSolution
		HideSolutionNode = FALSE
	EndGlobalSection
EndGlobal
